Microsoft Visual Studio Solution File, Format Version 12.00
# Visual Studio Version 17
VisualStudioVersion = 17.5.2.0
MinimumVisualStudioVersion = 10.0.40219.1
Project("{FAE04EC0-301F-11D3-BF4B-00C04F79EFBC}") = "DotNetInteractiveServer", "DotNetInteractiveServer.csproj", "{D8EA5A82-2393-3921-30BD-D517AF2E50E6}"
EndProject
Global
	GlobalSection(SolutionConfigurationPlatforms) = preSolution
		Debug|Any CPU = Debug|Any CPU
		Release|Any CPU = Release|Any CPU
	EndGlobalSection
	GlobalSection(ProjectConfigurationPlatforms) = postSolution
		{D8EA5A82-2393-3921-30BD-D517AF2E50E6}.Debug|Any CPU.ActiveCfg = Debug|Any CPU
		{D8EA5A82-2393-3921-30BD-D517AF2E50E6}.Debug|Any CPU.Build.0 = Debug|Any CPU
		{D8EA5A82-2393-3921-30BD-D517AF2E50E6}.Release|Any CPU.ActiveCfg = Release|Any CPU
		{D8EA5A82-2393-3921-30BD-D517AF2E50E6}.Release|Any CPU.Build.0 = Release|Any CPU
	EndGlobalSection
	GlobalSection(SolutionProperties) = preSolution
		HideSolutionNode = FALSE
	EndGlobalSection
	GlobalSection(ExtensibilityGlobals) = postSolution
		SolutionGuid = {48ECBD9C-538A-4430-8A58-3231709635A1}
	EndGlobalSection
EndGlobal
